
Microsoft Visual Studio Solution File, Format Version 12.00
# Visual Studio Version 17
VisualStudioVersion = 17.9.34728.123
MinimumVisualStudioVersion = 10.0.40219.1
Project("{FAE04EC0-301F-11D3-BF4B-00C04F79EFBC}") = "ChainOfResponsibilityProject", "ChainOfResponsibilityProject\ChainOfResponsibilityProject.csproj", "{CA1ADD4F-04B5-4788-B9AA-B322F2710EAD}"
EndProject
Global
	GlobalSection(SolutionConfigurationPlatforms) = preSolution
		Debug|Any CPU = Debug|Any CPU
		Release|Any CPU = Release|Any CPU
	EndGlobalSection
	GlobalSection(ProjectConfigurationPlatforms) = postSolution
		{CA1ADD4F-04B5-4788-B9AA-B322F2710EAD}.Debug|Any CPU.ActiveCfg = Debug|Any CPU
		{CA1ADD4F-04B5-4788-B9AA-B322F2710EAD}.Debug|Any CPU.Build.0 = Debug|Any CPU
		{CA1ADD4F-04B5-4788-B9AA-B322F2710EAD}.Release|Any CPU.ActiveCfg = Release|Any CPU
		{CA1ADD4F-04B5-4788-B9AA-B322F2710EAD}.Release|Any CPU.Build.0 = Release|Any CPU
	EndGlobalSection
	GlobalSection(SolutionProperties) = preSolution
		HideSolutionNode = FALSE
	EndGlobalSection
	GlobalSection(ExtensibilityGlobals) = postSolution
		SolutionGuid = {A3461E90-D5FE-4AF5-99D7-27F792A0587E}
	EndGlobalSection
EndGlobal
